
Microsoft Visual Studio Solution File, Format Version 12.00
# Visual Studio Version 17
VisualStudioVersion = 17.8.34309.116
MinimumVisualStudioVersion = 10.0.40219.1
Project("{9A19103F-16F7-4668-BE54-9A1E7A4F7556}") = "MyBloodAppLogin", "MyBloodAppLogin\MyBloodAppLogin.csproj", "{50712EAD-4300-44C6-851F-FAC816C9FB82}"
EndProject
Global
	GlobalSection(SolutionConfigurationPlatforms) = preSolution
		Debug|Any CPU = Debug|Any CPU
		Release|Any CPU = Release|Any CPU
	EndGlobalSection
	GlobalSection(ProjectConfigurationPlatforms) = postSolution
		{50712EAD-4300-44C6-851F-FAC816C9FB82}.Debug|Any CPU.ActiveCfg = Debug|Any CPU
		{50712EAD-4300-44C6-851F-FAC816C9FB82}.Debug|Any CPU.Build.0 = Debug|Any CPU
		{50712EAD-4300-44C6-851F-FAC816C9FB82}.Release|Any CPU.ActiveCfg = Release|Any CPU
		{50712EAD-4300-44C6-851F-FAC816C9FB82}.Release|Any CPU.Build.0 = Release|Any CPU
	EndGlobalSection
	GlobalSection(SolutionProperties) = preSolution
		HideSolutionNode = FALSE
	EndGlobalSection
	GlobalSection(ExtensibilityGlobals) = postSolution
		SolutionGuid = {CE2AE8D4-F7A6-44FF-A05D-723B82B40EE2}
	EndGlobalSection
EndGlobal
